github.com/BurntSushi/toml v0.3.1/go.mod h1:xHWCNGjB5oqiDr8zfno3MHue2Ht5sIBksp03qcyfWMU=
github.com/cpuguy83/go-md2man/v2 v2.0.0-20190314233015-f79a8a8ca69d/go.mod h1:maD7wRr/U5Z6m/iR4s+kqSMx2CaBsrgA7czyZG/E6dU=
github.com/cpuguy83/go-md2man/v2 v2.0.1 h1:r/myEWzV9lfsM1tFLgDyu0atFtJ1fXn261LKYj/3DxU=
github.com/cpuguy83/go-md2man/v2 v2.0.1/go.mod h1:tgQtvFlXSQOSOSIRvRPT7W67SCa46tRHOmNcaadrF8o=
github.com/go-curses/coreutils/errors v0.0.0-20220208213531-a6e92ec7cac0 h1:IEdGtYOcYF3nCK1UIT9Cw5FaYVaN0LnjVPSYIZDwoVo=
github.com/go-curses/coreutils/errors v0.0.0-20220208213531-a6e92ec7cac0/go.mod h1:5peZB1iv6e7/jIOaWcjCC9eWH4y1/XMTh5DNzCT/Hls=
github.com/go-curses/coreutils/notify v0.0.0-20220208212649-a9202cfabd23 h1:4alyyKzKjDcQcv83IpHULMj96IqZQLd/35eD5WS1zKc=
github.com/go-curses/coreutils/notify v0.0.0-20220208212649-a9202cfabd23/go.mod h1:dZz+yaeI9jebMIChAxQISBPalJu+vTyg/dec8l2VMms=
github.com/go-curses/coreutils/path v0.0.0-20220208213531-a6e92ec7cac0 h1:vxUe4NL9VPd6xuSazhJprs4FQh4Mka/HbnnFoR4M2h0=
github.com/go-curses/coreutils/path v0.0.0-20220208213531-a6e92ec7cac0/go.mod h1:EDenILxsGpocweOV7oKdd4I3NblxzLFAkG5NayVvCOo=
github.com/hexops/gotextdiff v1.0.3 h1:gitA9+qJrrTCsiCl7+kh75nPqQt1cx4ZkudSTLoUqJM=
github.com/hexops/gotextdiff v1.0.3/go.mod h1:pSWU5MAI3yDq+fZBTazCSJysOMbxWL1BSow5/V2vxeg=
github.com/pmezard/go-difflib v1.0.0/go.mod h1:iKH77koFhYxTK1pcRnkKkqfTogsbg7gZNVY4sRDYZ/4=
github.com/russross/blackfriday/v2 v2.0.1/go.mod h1:+Rmxgy9KzJVeS9/2gXHxylqXiyQDYRxCVz55jmeOWTM=
github.com/russross/blackfriday/v2 v2.1.0 h1:JIOH55/0cWyOuilr9/qlrm0BSXldqnqwMsf35Ld67mk=
github.com/russross/blackfriday/v2 v2.1.0/go.mod h1:+Rmxgy9KzJVeS9/2gXHxylqXiyQDYRxCVz55jmeOWTM=
github.com/shurcooL/sanitized_anchor_name v1.0.0/go.mod h1:1NzhyTcUVG4SuEtjjoZeVRXNmyL/1OwPU0+IJeTBvfc=
github.com/urfave/cli/v2 v2.3.0 h1:qph92Y649prgesehzOrQjdWyxFOp/QVM+6imKHad91M=
github.com/urfave/cli/v2 v2.3.0/go.mod h1:LJmUH05zAU44vOAcrfzZQKsZbVcdbOG8rtL3/XcUArI=
gopkg.in/check.v1 v0.0.0-20161208181325-20d25e280405/go.mod h1:Co6ibVJAznAaIkqp8huTwlJQCZ016jof/cbN4VW5Yz0=
gopkg.in/yaml.v2 v2.2.3/go.mod h1:hI93XBmqTisBFMUTm0b8Fm+jr3Dg1NNxqwp+5A1VGuI=
